
Microsoft Visual Studio Solution File, Format Version 12.00
# Visual Studio Version 17
VisualStudioVersion = 17.3.32804.467
MinimumVisualStudioVersion = 10.0.40219.1
Project("{9A19103F-16F7-4668-BE54-9A1E7A4F7556}") = "Company.TestSolution.Domain", "src\Company.TestSolution.Domain\Company.TestSolution.Domain.csproj", "{554AD327-6DBA-4F8F-96F8-81CE7A0C863F}"
EndProject
Project("{9A19103F-16F7-4668-BE54-9A1E7A4F7556}") = "TestModuleA.TestBase", "modules\TestModuleA\test\TestModuleA.TestBase\TestModuleA.TestBase.csproj", "{51606861-27D6-4A54-8A35-794E44E6527B}"
EndProject
Project("{9A19103F-16F7-4668-BE54-9A1E7A4F7556}") = "TestModuleA.HttpApi.Client.ConsoleTestApp", "modules\TestModuleA\test\TestModuleA.HttpApi.Client.ConsoleTestApp\TestModuleA.HttpApi.Client.ConsoleTestApp.csproj", "{095D97D4-773E-4DFF-87C8-694D20716EDC}"
EndProject
Project("{9A19103F-16F7-4668-BE54-9A1E7A4F7556}") = "TestModuleA.EntityFrameworkCore.Tests", "modules\TestModuleA\test\TestModuleA.EntityFrameworkCore.Tests\TestModuleA.EntityFrameworkCore.Tests.csproj", "{A03CCE2C-48A1-47B5-AB31-0F33555ECC1A}"
EndProject
Project("{9A19103F-16F7-4668-BE54-9A1E7A4F7556}") = "TestModuleA.Domain.Tests", "modules\TestModuleA\test\TestModuleA.Domain.Tests\TestModuleA.Domain.Tests.csproj", "{3BF4A420-D338-48F8-BC90-391D2CE85EBD}"
EndProject
Project("{9A19103F-16F7-4668-BE54-9A1E7A4F7556}") = "TestModuleA.Application.Tests", "modules\TestModuleA\test\TestModuleA.Application.Tests\TestModuleA.Application.Tests.csproj", "{767E2FAA-5554-4B8A-AE1D-EB7601128E84}"
EndProject
Project("{9A19103F-16F7-4668-BE54-9A1E7A4F7556}") = "TestModuleA.HttpApi.Client", "modules\TestModuleA\src\TestModuleA.HttpApi.Client\TestModuleA.HttpApi.Client.csproj", "{6608567C-DF98-4C38-8FD6-44CC7620B521}"
EndProject
Project("{9A19103F-16F7-4668-BE54-9A1E7A4F7556}") = "TestModuleA.HttpApi", "modules\TestModuleA\src\TestModuleA.HttpApi\TestModuleA.HttpApi.csproj", "{D6A083C7-9B3F-48F9-BF0C-2168E003A181}"
EndProject
Project("{9A19103F-16F7-4668-BE54-9A1E7A4F7556}") = "TestModuleA.EntityFrameworkCore", "modules\TestModuleA\src\TestModuleA.EntityFrameworkCore\TestModuleA.EntityFrameworkCore.csproj", "{CD8E0A50-5C9C-4745-B984-F2BC6952CD41}"
EndProject
Project("{9A19103F-16F7-4668-BE54-9A1E7A4F7556}") = "TestModuleA.Domain.Shared", "modules\TestModuleA\src\TestModuleA.Domain.Shared\TestModuleA.Domain.Shared.csproj", "{0E0FDAE9-78DA-4C40-82B2-5E0EEA8171F9}"
EndProject
Project("{9A19103F-16F7-4668-BE54-9A1E7A4F7556}") = "TestModuleA.Domain", "modules\TestModuleA\src\TestModuleA.Domain\TestModuleA.Domain.csproj", "{D136BD4A-F7FD-4DE9-88C5-EAFCF3020E65}"
EndProject
Project("{9A19103F-16F7-4668-BE54-9A1E7A4F7556}") = "TestModuleA.Blazor.Server", "modules\TestModuleA\src\TestModuleA.Blazor.Server\TestModuleA.Blazor.Server.csproj", "{B4400454-4F60-4093-9115-714596242C01}"
EndProject
Project("{9A19103F-16F7-4668-BE54-9A1E7A4F7556}") = "TestModuleA.Blazor", "modules\TestModuleA\src\TestModuleA.Blazor\TestModuleA.Blazor.csproj", "{BDF7C745-4A9C-4468-948B-2B65C0B5E9CB}"
EndProject
Project("{9A19103F-16F7-4668-BE54-9A1E7A4F7556}") = "TestModuleA.Application.Contracts", "modules\TestModuleA\src\TestModuleA.Application.Contracts\TestModuleA.Application.Contracts.csproj", "{4601484A-AA85-4145-B58F-9621760E9A3E}"
EndProject
Project("{9A19103F-16F7-4668-BE54-9A1E7A4F7556}") = "TestModuleA.Application", "modules\TestModuleA\src\TestModuleA.Application\TestModuleA.Application.csproj", "{61804D49-81A3-4AA8-AEED-D95DA9AB2F85}"
EndProject
Project("{2150E333-8FDC-42A3-9474-1A3956D46DE8}") = "TestModuleA.Tests", "TestModuleA.Tests", "{EB21C803-DEA0-475F-8BAF-55149DEA1A0A}"
EndProject
Project("{2150E333-8FDC-42A3-9474-1A3956D46DE8}") = "TestModuleA", "TestModuleA", "{833F7ACB-6811-4CB2-81DE-1A3F936D4102}"
EndProject
Project("{2150E333-8FDC-42A3-9474-1A3956D46DE8}") = "modules", "modules", "{87E91B38-46E4-4429-9617-2AEA11573F7E}"
EndProject
Project("{9A19103F-16F7-4668-BE54-9A1E7A4F7556}") = "Company.TestSolution.Application", "src\Company.TestSolution.Application\Company.TestSolution.Application.csproj", "{1A94A50E-06DC-43C1-80B5-B662820EC3EB}"
EndProject
Project("{9A19103F-16F7-4668-BE54-9A1E7A4F7556}") = "Company.TestSolution.EntityFrameworkCore", "src\Company.TestSolution.EntityFrameworkCore\Company.TestSolution.EntityFrameworkCore.csproj", "{C956DD76-69C8-4A9C-83EA-D17DF83340FD}"
EndProject
Project("{2150E333-8FDC-42A3-9474-1A3956D46DE8}") = "src", "src", "{CA9AC87F-097E-4F15-8393-4BC07735A5B0}"
EndProject
Project("{2150E333-8FDC-42A3-9474-1A3956D46DE8}") = "test", "test", "{04DBDB01-70F4-4E06-B468-8F87850B22BE}"
EndProject
Project("{9A19103F-16F7-4668-BE54-9A1E7A4F7556}") = "Company.TestSolution.Application.Tests", "test\Company.TestSolution.Application.Tests\Company.TestSolution.Application.Tests.csproj", "{50B2631D-129C-47B3-A587-029CCD6099BC}"
EndProject
Project("{9A19103F-16F7-4668-BE54-9A1E7A4F7556}") = "Company.TestSolution.Domain.Shared", "src\Company.TestSolution.Domain.Shared\Company.TestSolution.Domain.Shared.csproj", "{42F719ED-8413-4895-B5B4-5AB56079BC66}"
EndProject
Project("{9A19103F-16F7-4668-BE54-9A1E7A4F7556}") = "Company.TestSolution.Application.Contracts", "src\Company.TestSolution.Application.Contracts\Company.TestSolution.Application.Contracts.csproj", "{520659C8-C734-4298-A3DA-B539DB9DFC0B}"
EndProject
Project("{9A19103F-16F7-4668-BE54-9A1E7A4F7556}") = "Company.TestSolution.HttpApi", "src\Company.TestSolution.HttpApi\Company.TestSolution.HttpApi.csproj", "{4164BDF7-F527-4E85-9CE6-E3C2D7426A27}"
EndProject
Project("{9A19103F-16F7-4668-BE54-9A1E7A4F7556}") = "Company.TestSolution.HttpApi.Client", "src\Company.TestSolution.HttpApi.Client\Company.TestSolution.HttpApi.Client.csproj", "{3B5A0094-670D-4BB1-BFDD-61B88A8773DC}"
EndProject
Project("{9A19103F-16F7-4668-BE54-9A1E7A4F7556}") = "Company.TestSolution.IdentityServer", "src\Company.TestSolution.IdentityServer\Company.TestSolution.IdentityServer.csproj", "{073C361E-B8F4-49F5-93CC-72A3FF49C026}"
EndProject
Project("{9A19103F-16F7-4668-BE54-9A1E7A4F7556}") = "Company.TestSolution.HttpApi.Host", "src\Company.TestSolution.HttpApi.Host\Company.TestSolution.HttpApi.Host.csproj", "{E6D5BF0E-DE92-4D82-A352-EF04B37CB11C}"
EndProject
Project("{9A19103F-16F7-4668-BE54-9A1E7A4F7556}") = "Company.TestSolution.EntityFrameworkCore.Tests", "test\Company.TestSolution.EntityFrameworkCore.Tests\Company.TestSolution.EntityFrameworkCore.Tests.csproj", "{1FE30EB9-74A9-47F5-A9F6-7B1FAB672D81}"
EndProject
Project("{9A19103F-16F7-4668-BE54-9A1E7A4F7556}") = "Company.TestSolution.TestBase", "test\Company.TestSolution.TestBase\Company.TestSolution.TestBase.csproj", "{91853F21-9CD9-4132-BC29-A7D5D84FFFE7}"
EndProject
Project("{9A19103F-16F7-4668-BE54-9A1E7A4F7556}") = "Company.TestSolution.Domain.Tests", "test\Company.TestSolution.Domain.Tests\Company.TestSolution.Domain.Tests.csproj", "{E512F4D9-9375-480F-A2F6-A46509F9D824}"
EndProject
Project("{9A19103F-16F7-4668-BE54-9A1E7A4F7556}") = "Company.TestSolution.HttpApi.Client.ConsoleTestApp", "test\Company.TestSolution.HttpApi.Client.ConsoleTestApp\Company.TestSolution.HttpApi.Client.ConsoleTestApp.csproj", "{EF480016-9127-4916-8735-D2466BDBC582}"
EndProject
Project("{9A19103F-16F7-4668-BE54-9A1E7A4F7556}") = "Company.TestSolution.DbMigrator", "src\Company.TestSolution.DbMigrator\Company.TestSolution.DbMigrator.csproj", "{70680696-BB1E-4383-BCB2-42C3767171FB}"
EndProject
Project("{9A19103F-16F7-4668-BE54-9A1E7A4F7556}") = "Company.TestSolution.Blazor", "src\Company.TestSolution.Blazor\Company.TestSolution.Blazor.csproj", "{EC53CB98-6B39-464C-8954-F109848E715D}"
EndProject
Global
	GlobalSection(SolutionConfigurationPlatforms) = preSolution
		Debug|Any CPU = Debug|Any CPU
		Release|Any CPU = Release|Any CPU
	EndGlobalSection
	GlobalSection(ProjectConfigurationPlatforms) = postSolution
		{554AD327-6DBA-4F8F-96F8-81CE7A0C863F}.Debug|Any CPU.ActiveCfg = Debug|Any CPU
		{554AD327-6DBA-4F8F-96F8-81CE7A0C863F}.Debug|Any CPU.Build.0 = Debug|Any CPU
		{554AD327-6DBA-4F8F-96F8-81CE7A0C863F}.Release|Any CPU.ActiveCfg = Release|Any CPU
		{554AD327-6DBA-4F8F-96F8-81CE7A0C863F}.Release|Any CPU.Build.0 = Release|Any CPU
		{51606861-27D6-4A54-8A35-794E44E6527B}.Debug|Any CPU.ActiveCfg = Debug|Any CPU
		{51606861-27D6-4A54-8A35-794E44E6527B}.Debug|Any CPU.Build.0 = Debug|Any CPU
		{51606861-27D6-4A54-8A35-794E44E6527B}.Release|Any CPU.ActiveCfg = Release|Any CPU
		{51606861-27D6-4A54-8A35-794E44E6527B}.Release|Any CPU.Build.0 = Release|Any CPU
		{095D97D4-773E-4DFF-87C8-694D20716EDC}.Debug|Any CPU.ActiveCfg = Debug|Any CPU
		{095D97D4-773E-4DFF-87C8-694D20716EDC}.Debug|Any CPU.Build.0 = Debug|Any CPU
		{095D97D4-773E-4DFF-87C8-694D20716EDC}.Release|Any CPU.ActiveCfg = Release|Any CPU
		{095D97D4-773E-4DFF-87C8-694D20716EDC}.Release|Any CPU.Build.0 = Release|Any CPU
		{A03CCE2C-48A1-47B5-AB31-0F33555ECC1A}.Debug|Any CPU.ActiveCfg = Debug|Any CPU
		{A03CCE2C-48A1-47B5-AB31-0F33555ECC1A}.Debug|Any CPU.Build.0 = Debug|Any CPU
		{A03CCE2C-48A1-47B5-AB31-0F33555ECC1A}.Release|Any CPU.ActiveCfg = Release|Any CPU
		{A03CCE2C-48A1-47B5-AB31-0F33555ECC1A}.Release|Any CPU.Build.0 = Release|Any CPU
		{3BF4A420-D338-48F8-BC90-391D2CE85EBD}.Debug|Any CPU.ActiveCfg = Debug|Any CPU
		{3BF4A420-D338-48F8-BC90-391D2CE85EBD}.Debug|Any CPU.Build.0 = Debug|Any CPU
		{3BF4A420-D338-48F8-BC90-391D2CE85EBD}.Release|Any CPU.ActiveCfg = Release|Any CPU
		{3BF4A420-D338-48F8-BC90-391D2CE85EBD}.Release|Any CPU.Build.0 = Release|Any CPU
		{767E2FAA-5554-4B8A-AE1D-EB7601128E84}.Debug|Any CPU.ActiveCfg = Debug|Any CPU
		{767E2FAA-5554-4B8A-AE1D-EB7601128E84}.Debug|Any CPU.Build.0 = Debug|Any CPU
		{767E2FAA-5554-4B8A-AE1D-EB7601128E84}.Release|Any CPU.ActiveCfg = Release|Any CPU
		{767E2FAA-5554-4B8A-AE1D-EB7601128E84}.Release|Any CPU.Build.0 = Release|Any CPU
		{6608567C-DF98-4C38-8FD6-44CC7620B521}.Debug|Any CPU.ActiveCfg = Debug|Any CPU
		{6608567C-DF98-4C38-8FD6-44CC7620B521}.Debug|Any CPU.Build.0 = Debug|Any CPU
		{6608567C-DF98-4C38-8FD6-44CC7620B521}.Release|Any CPU.ActiveCfg = Release|Any CPU
		{6608567C-DF98-4C38-8FD6-44CC7620B521}.Release|Any CPU.Build.0 = Release|Any CPU
		{D6A083C7-9B3F-48F9-BF0C-2168E003A181}.Debug|Any CPU.ActiveCfg = Debug|Any CPU
		{D6A083C7-9B3F-48F9-BF0C-2168E003A181}.Debug|Any CPU.Build.0 = Debug|Any CPU
		{D6A083C7-9B3F-48F9-BF0C-2168E003A181}.Release|Any CPU.ActiveCfg = Release|Any CPU
		{D6A083C7-9B3F-48F9-BF0C-2168E003A181}.Release|Any CPU.Build.0 = Release|Any CPU
		{CD8E0A50-5C9C-4745-B984-F2BC6952CD41}.Debug|Any CPU.ActiveCfg = Debug|Any CPU
		{CD8E0A50-5C9C-4745-B984-F2BC6952CD41}.Debug|Any CPU.Build.0 = Debug|Any CPU
		{CD8E0A50-5C9C-4745-B984-F2BC6952CD41}.Release|Any CPU.ActiveCfg = Release|Any CPU
		{CD8E0A50-5C9C-4745-B984-F2BC6952CD41}.Release|Any CPU.Build.0 = Release|Any CPU
		{0E0FDAE9-78DA-4C40-82B2-5E0EEA8171F9}.Debug|Any CPU.ActiveCfg = Debug|Any CPU
		{0E0FDAE9-78DA-4C40-82B2-5E0EEA8171F9}.Debug|Any CPU.Build.0 = Debug|Any CPU
		{0E0FDAE9-78DA-4C40-82B2-5E0EEA8171F9}.Release|Any CPU.ActiveCfg = Release|Any CPU
		{0E0FDAE9-78DA-4C40-82B2-5E0EEA8171F9}.Release|Any CPU.Build.0 = Release|Any CPU
		{D136BD4A-F7FD-4DE9-88C5-EAFCF3020E65}.Debug|Any CPU.ActiveCfg = Debug|Any CPU
		{D136BD4A-F7FD-4DE9-88C5-EAFCF3020E65}.Debug|Any CPU.Build.0 = Debug|Any CPU
		{D136BD4A-F7FD-4DE9-88C5-EAFCF3020E65}.Release|Any CPU.ActiveCfg = Release|Any CPU
		{D136BD4A-F7FD-4DE9-88C5-EAFCF3020E65}.Release|Any CPU.Build.0 = Release|Any CPU
		{B4400454-4F60-4093-9115-714596242C01}.Debug|Any CPU.ActiveCfg = Debug|Any CPU
		{B4400454-4F60-4093-9115-714596242C01}.Debug|Any CPU.Build.0 = Debug|Any CPU
		{B4400454-4F60-4093-9115-714596242C01}.Release|Any CPU.ActiveCfg = Release|Any CPU
		{B4400454-4F60-4093-9115-714596242C01}.Release|Any CPU.Build.0 = Release|Any CPU
		{BDF7C745-4A9C-4468-948B-2B65C0B5E9CB}.Debug|Any CPU.ActiveCfg = Debug|Any CPU
		{BDF7C745-4A9C-4468-948B-2B65C0B5E9CB}.Debug|Any CPU.Build.0 = Debug|Any CPU
		{BDF7C745-4A9C-4468-948B-2B65C0B5E9CB}.Release|Any CPU.ActiveCfg = Release|Any CPU
		{BDF7C745-4A9C-4468-948B-2B65C0B5E9CB}.Release|Any CPU.Build.0 = Release|Any CPU
		{4601484A-AA85-4145-B58F-9621760E9A3E}.Debug|Any CPU.ActiveCfg = Debug|Any CPU
		{4601484A-AA85-4145-B58F-9621760E9A3E}.Debug|Any CPU.Build.0 = Debug|Any CPU
		{4601484A-AA85-4145-B58F-9621760E9A3E}.Release|Any CPU.ActiveCfg = Release|Any CPU
		{4601484A-AA85-4145-B58F-9621760E9A3E}.Release|Any CPU.Build.0 = Release|Any CPU
		{61804D49-81A3-4AA8-AEED-D95DA9AB2F85}.Debug|Any CPU.ActiveCfg = Debug|Any CPU
		{61804D49-81A3-4AA8-AEED-D95DA9AB2F85}.Debug|Any CPU.Build.0 = Debug|Any CPU
		{61804D49-81A3-4AA8-AEED-D95DA9AB2F85}.Release|Any CPU.ActiveCfg = Release|Any CPU
		{61804D49-81A3-4AA8-AEED-D95DA9AB2F85}.Release|Any CPU.Build.0 = Release|Any CPU
		{1A94A50E-06DC-43C1-80B5-B662820EC3EB}.Debug|Any CPU.ActiveCfg = Debug|Any CPU
		{1A94A50E-06DC-43C1-80B5-B662820EC3EB}.Debug|Any CPU.Build.0 = Debug|Any CPU
		{1A94A50E-06DC-43C1-80B5-B662820EC3EB}.Release|Any CPU.ActiveCfg = Release|Any CPU
		{1A94A50E-06DC-43C1-80B5-B662820EC3EB}.Release|Any CPU.Build.0 = Release|Any CPU
		{C956DD76-69C8-4A9C-83EA-D17DF83340FD}.Debug|Any CPU.ActiveCfg = Debug|Any CPU
		{C956DD76-69C8-4A9C-83EA-D17DF83340FD}.Debug|Any CPU.Build.0 = Debug|Any CPU
		{C956DD76-69C8-4A9C-83EA-D17DF83340FD}.Release|Any CPU.ActiveCfg = Release|Any CPU
		{C956DD76-69C8-4A9C-83EA-D17DF83340FD}.Release|Any CPU.Build.0 = Release|Any CPU
		{50B2631D-129C-47B3-A587-029CCD6099BC}.Debug|Any CPU.ActiveCfg = Debug|Any CPU
		{50B2631D-129C-47B3-A587-029CCD6099BC}.Debug|Any CPU.Build.0 = Debug|Any CPU
		{50B2631D-129C-47B3-A587-029CCD6099BC}.Release|Any CPU.ActiveCfg = Release|Any CPU
		{50B2631D-129C-47B3-A587-029CCD6099BC}.Release|Any CPU.Build.0 = Release|Any CPU
		{42F719ED-8413-4895-B5B4-5AB56079BC66}.Debug|Any CPU.ActiveCfg = Debug|Any CPU
		{42F719ED-8413-4895-B5B4-5AB56079BC66}.Debug|Any CPU.Build.0 = Debug|Any CPU
		{42F719ED-8413-4895-B5B4-5AB56079BC66}.Release|Any CPU.ActiveCfg = Release|Any CPU
		{42F719ED-8413-4895-B5B4-5AB56079BC66}.Release|Any CPU.Build.0 = Release|Any CPU
		{520659C8-C734-4298-A3DA-B539DB9DFC0B}.Debug|Any CPU.ActiveCfg = Debug|Any CPU
		{520659C8-C734-4298-A3DA-B539DB9DFC0B}.Debug|Any CPU.Build.0 = Debug|Any CPU
		{520659C8-C734-4298-A3DA-B539DB9DFC0B}.Release|Any CPU.ActiveCfg = Release|Any CPU
		{520659C8-C734-4298-A3DA-B539DB9DFC0B}.Release|Any CPU.Build.0 = Release|Any CPU
		{4164BDF7-F527-4E85-9CE6-E3C2D7426A27}.Debug|Any CPU.ActiveCfg = Debug|Any CPU
		{4164BDF7-F527-4E85-9CE6-E3C2D7426A27}.Debug|Any CPU.Build.0 = Debug|Any CPU
		{4164BDF7-F527-4E85-9CE6-E3C2D7426A27}.Release|Any CPU.ActiveCfg = Release|Any CPU
		{4164BDF7-F527-4E85-9CE6-E3C2D7426A27}.Release|Any CPU.Build.0 = Release|Any CPU
		{3B5A0094-670D-4BB1-BFDD-61B88A8773DC}.Debug|Any CPU.ActiveCfg = Debug|Any CPU
		{3B5A0094-670D-4BB1-BFDD-61B88A8773DC}.Debug|Any CPU.Build.0 = Debug|Any CPU
		{3B5A0094-670D-4BB1-BFDD-61B88A8773DC}.Release|Any CPU.ActiveCfg = Release|Any CPU
		{3B5A0094-670D-4BB1-BFDD-61B88A8773DC}.Release|Any CPU.Build.0 = Release|Any CPU
		{073C361E-B8F4-49F5-93CC-72A3FF49C026}.Debug|Any CPU.ActiveCfg = Debug|Any CPU
		{073C361E-B8F4-49F5-93CC-72A3FF49C026}.Debug|Any CPU.Build.0 = Debug|Any CPU
		{073C361E-B8F4-49F5-93CC-72A3FF49C026}.Release|Any CPU.ActiveCfg = Release|Any CPU
		{073C361E-B8F4-49F5-93CC-72A3FF49C026}.Release|Any CPU.Build.0 = Release|Any CPU
		{E6D5BF0E-DE92-4D82-A352-EF04B37CB11C}.Debug|Any CPU.ActiveCfg = Debug|Any CPU
		{E6D5BF0E-DE92-4D82-A352-EF04B37CB11C}.Debug|Any CPU.Build.0 = Debug|Any CPU
		{E6D5BF0E-DE92-4D82-A352-EF04B37CB11C}.Release|Any CPU.ActiveCfg = Release|Any CPU
		{E6D5BF0E-DE92-4D82-A352-EF04B37CB11C}.Release|Any CPU.Build.0 = Release|Any CPU
		{1FE30EB9-74A9-47F5-A9F6-7B1FAB672D81}.Debug|Any CPU.ActiveCfg = Debug|Any CPU
		{1FE30EB9-74A9-47F5-A9F6-7B1FAB672D81}.Debug|Any CPU.Build.0 = Debug|Any CPU
		{1FE30EB9-74A9-47F5-A9F6-7B1FAB672D81}.Release|Any CPU.ActiveCfg = Release|Any CPU
		{1FE30EB9-74A9-47F5-A9F6-7B1FAB672D81}.Release|Any CPU.Build.0 = Release|Any CPU
		{91853F21-9CD9-4132-BC29-A7D5D84FFFE7}.Debug|Any CPU.ActiveCfg = Debug|Any CPU
		{91853F21-9CD9-4132-BC29-A7D5D84FFFE7}.Debug|Any CPU.Build.0 = Debug|Any CPU
		{91853F21-9CD9-4132-BC29-A7D5D84FFFE7}.Release|Any CPU.ActiveCfg = Release|Any CPU
		{91853F21-9CD9-4132-BC29-A7D5D84FFFE7}.Release|Any CPU.Build.0 = Release|Any CPU
		{E512F4D9-9375-480F-A2F6-A46509F9D824}.Debug|Any CPU.ActiveCfg = Debug|Any CPU
		{E512F4D9-9375-480F-A2F6-A46509F9D824}.Debug|Any CPU.Build.0 = Debug|Any CPU
		{E512F4D9-9375-480F-A2F6-A46509F9D824}.Release|Any CPU.ActiveCfg = Release|Any CPU
		{E512F4D9-9375-480F-A2F6-A46509F9D824}.Release|Any CPU.Build.0 = Release|Any CPU
		{EF480016-9127-4916-8735-D2466BDBC582}.Debug|Any CPU.ActiveCfg = Debug|Any CPU
		{EF480016-9127-4916-8735-D2466BDBC582}.Debug|Any CPU.Build.0 = Debug|Any CPU
		{EF480016-9127-4916-8735-D2466BDBC582}.Release|Any CPU.ActiveCfg = Release|Any CPU
		{EF480016-9127-4916-8735-D2466BDBC582}.Release|Any CPU.Build.0 = Release|Any CPU
		{70680696-BB1E-4383-BCB2-42C3767171FB}.Debug|Any CPU.ActiveCfg = Debug|Any CPU
		{70680696-BB1E-4383-BCB2-42C3767171FB}.Debug|Any CPU.Build.0 = Debug|Any CPU
		{70680696-BB1E-4383-BCB2-42C3767171FB}.Release|Any CPU.ActiveCfg = Release|Any CPU
		{70680696-BB1E-4383-BCB2-42C3767171FB}.Release|Any CPU.Build.0 = Release|Any CPU
		{EC53CB98-6B39-464C-8954-F109848E715D}.Debug|Any CPU.ActiveCfg = Debug|Any CPU
		{EC53CB98-6B39-464C-8954-F109848E715D}.Debug|Any CPU.Build.0 = Debug|Any CPU
		{EC53CB98-6B39-464C-8954-F109848E715D}.Release|Any CPU.ActiveCfg = Release|Any CPU
		{EC53CB98-6B39-464C-8954-F109848E715D}.Release|Any CPU.Build.0 = Release|Any CPU
	EndGlobalSection
	GlobalSection(SolutionProperties) = preSolution
		HideSolutionNode = FALSE
	EndGlobalSection
	GlobalSection(NestedProjects) = preSolution
		{554AD327-6DBA-4F8F-96F8-81CE7A0C863F} = {CA9AC87F-097E-4F15-8393-4BC07735A5B0}
		{51606861-27D6-4A54-8A35-794E44E6527B} = {EB21C803-DEA0-475F-8BAF-55149DEA1A0A}
		{095D97D4-773E-4DFF-87C8-694D20716EDC} = {EB21C803-DEA0-475F-8BAF-55149DEA1A0A}
		{A03CCE2C-48A1-47B5-AB31-0F33555ECC1A} = {EB21C803-DEA0-475F-8BAF-55149DEA1A0A}
		{3BF4A420-D338-48F8-BC90-391D2CE85EBD} = {EB21C803-DEA0-475F-8BAF-55149DEA1A0A}
		{767E2FAA-5554-4B8A-AE1D-EB7601128E84} = {EB21C803-DEA0-475F-8BAF-55149DEA1A0A}
		{6608567C-DF98-4C38-8FD6-44CC7620B521} = {833F7ACB-6811-4CB2-81DE-1A3F936D4102}
		{D6A083C7-9B3F-48F9-BF0C-2168E003A181} = {833F7ACB-6811-4CB2-81DE-1A3F936D4102}
		{CD8E0A50-5C9C-4745-B984-F2BC6952CD41} = {833F7ACB-6811-4CB2-81DE-1A3F936D4102}
		{0E0FDAE9-78DA-4C40-82B2-5E0EEA8171F9} = {833F7ACB-6811-4CB2-81DE-1A3F936D4102}
		{D136BD4A-F7FD-4DE9-88C5-EAFCF3020E65} = {833F7ACB-6811-4CB2-81DE-1A3F936D4102}
		{B4400454-4F60-4093-9115-714596242C01} = {833F7ACB-6811-4CB2-81DE-1A3F936D4102}
		{BDF7C745-4A9C-4468-948B-2B65C0B5E9CB} = {833F7ACB-6811-4CB2-81DE-1A3F936D4102}
		{4601484A-AA85-4145-B58F-9621760E9A3E} = {833F7ACB-6811-4CB2-81DE-1A3F936D4102}
		{61804D49-81A3-4AA8-AEED-D95DA9AB2F85} = {833F7ACB-6811-4CB2-81DE-1A3F936D4102}
		{EB21C803-DEA0-475F-8BAF-55149DEA1A0A} = {04DBDB01-70F4-4E06-B468-8F87850B22BE}
		{833F7ACB-6811-4CB2-81DE-1A3F936D4102} = {87E91B38-46E4-4429-9617-2AEA11573F7E}
		{1A94A50E-06DC-43C1-80B5-B662820EC3EB} = {CA9AC87F-097E-4F15-8393-4BC07735A5B0}
		{C956DD76-69C8-4A9C-83EA-D17DF83340FD} = {CA9AC87F-097E-4F15-8393-4BC07735A5B0}
		{50B2631D-129C-47B3-A587-029CCD6099BC} = {04DBDB01-70F4-4E06-B468-8F87850B22BE}
		{42F719ED-8413-4895-B5B4-5AB56079BC66} = {CA9AC87F-097E-4F15-8393-4BC07735A5B0}
		{520659C8-C734-4298-A3DA-B539DB9DFC0B} = {CA9AC87F-097E-4F15-8393-4BC07735A5B0}
		{4164BDF7-F527-4E85-9CE6-E3C2D7426A27} = {CA9AC87F-097E-4F15-8393-4BC07735A5B0}
		{3B5A0094-670D-4BB1-BFDD-61B88A8773DC} = {CA9AC87F-097E-4F15-8393-4BC07735A5B0}
		{073C361E-B8F4-49F5-93CC-72A3FF49C026} = {CA9AC87F-097E-4F15-8393-4BC07735A5B0}
		{E6D5BF0E-DE92-4D82-A352-EF04B37CB11C} = {CA9AC87F-097E-4F15-8393-4BC07735A5B0}
		{1FE30EB9-74A9-47F5-A9F6-7B1FAB672D81} = {04DBDB01-70F4-4E06-B468-8F87850B22BE}
		{91853F21-9CD9-4132-BC29-A7D5D84FFFE7} = {04DBDB01-70F4-4E06-B468-8F87850B22BE}
		{E512F4D9-9375-480F-A2F6-A46509F9D824} = {04DBDB01-70F4-4E06-B468-8F87850B22BE}
		{EF480016-9127-4916-8735-D2466BDBC582} = {04DBDB01-70F4-4E06-B468-8F87850B22BE}
		{70680696-BB1E-4383-BCB2-42C3767171FB} = {CA9AC87F-097E-4F15-8393-4BC07735A5B0}
		{EC53CB98-6B39-464C-8954-F109848E715D} = {CA9AC87F-097E-4F15-8393-4BC07735A5B0}
	EndGlobalSection
	GlobalSection(ExtensibilityGlobals) = postSolution
		SolutionGuid = {74F8B443-3830-4557-78C9-BFEB37A11124}
	EndGlobalSection
EndGlobal
